// !$*UTF8*$!
{
	archiveVersion = 1;
	classes = {
	};
	objectVersion = 56;
	objects = {

/* Begin PBXBuildFile section */
		C3E031772BA61A66008982E5 /* WeatherAppApp.swift in Sources */ = {isa = PBXBuildFile; fileRef = C3E031762BA61A66008982E5 /* WeatherAppApp.swift */; };
		C3E031792BA61A66008982E5 /* ContentView.swift in Sources */ = {isa = PBXBuildFile; fileRef = C3E031782BA61A66008982E5 /* ContentView.swift */; };
		C3E0317B2BA61A68008982E5 /* Assets.xcassets in Resources */ = {isa = PBXBuildFile; fileRef = C3E0317A2BA61A68008982E5 /* Assets.xcassets */; };
		C3E0317F2BA61A68008982E5 /* Preview Assets.xcassets in Resources */ = {isa = PBXBuildFile; fileRef = C3E0317E2BA61A68008982E5 /* Preview Assets.xcassets */; };
		C3E031872BA625DE008982E5 /* LocationManager.swift in Sources */ = {isa = PBXBuildFile; fileRef = C3E031862BA625DE008982E5 /* LocationManager.swift */; };
		C3E0318A2BA63A40008982E5 /* WelcomeView.swift in Sources */ = {isa = PBXBuildFile; fileRef = C3E031892BA63A40008982E5 /* WelcomeView.swift */; };
		C3E0318C2BA63F59008982E5 /* LoadingView.swift in Sources */ = {isa = PBXBuildFile; fileRef = C3E0318B2BA63F59008982E5 /* LoadingView.swift */; };
		C3E0318E2BA64481008982E5 /* WeatherManager.swift in Sources */ = {isa = PBXBuildFile; fileRef = C3E0318D2BA64481008982E5 /* WeatherManager.swift */; };
		C3E031922BA64E04008982E5 /*  ModelData.swift in Sources */ = {isa = PBXBuildFile; fileRef = C3E031912BA64E04008982E5 /*  ModelData.swift */; };
		C3E031942BA64E3E008982E5 /* WeatherData.json in Resources */ = {isa = PBXBuildFile; fileRef = C3E031932BA64E3E008982E5 /* WeatherData.json */; };
		C3E031982BA65084008982E5 /* Extensions.swift in Sources */ = {isa = PBXBuildFile; fileRef = C3E031972BA65084008982E5 /* Extensions.swift */; };
		C3E0319B2BA6531E008982E5 /* WeatherView.swift in Sources */ = {isa = PBXBuildFile; fileRef = C3E0319A2BA6531E008982E5 /* WeatherView.swift */; };
		C3E0319E2BA6611D008982E5 /* WeatherRow.swift in Sources */ = {isa = PBXBuildFile; fileRef = C3E0319D2BA6611D008982E5 /* WeatherRow.swift */; };
/* End PBXBuildFile section */

/* Begin PBXFileReference section */
		C3E031732BA61A66008982E5 /* WeatherApp.app */ = {isa = PBXFileReference; explicitFileType = wrapper.application; includeInIndex = 0; path = WeatherApp.app; sourceTree = BUILT_PRODUCTS_DIR; };
		C3E031762BA61A66008982E5 /* WeatherAppApp.swift */ = {isa = PBXFileReference; lastKnownFileType = sourcecode.swift; path = WeatherAppApp.swift; sourceTree = "<group>"; };
		C3E031782BA61A66008982E5 /* ContentView.swift */ = {isa = PBXFileReference; lastKnownFileType = sourcecode.swift; path = ContentView.swift; sourceTree = "<group>"; };
		C3E0317A2BA61A68008982E5 /* Assets.xcassets */ = {isa = PBXFileReference; lastKnownFileType = folder.assetcatalog; path = Assets.xcassets; sourceTree = "<group>"; };
		C3E0317C2BA61A68008982E5 /* WeatherApp.entitlements */ = {isa = PBXFileReference; lastKnownFileType = text.plist.entitlements; path = WeatherApp.entitlements; sourceTree = "<group>"; };
		C3E0317E2BA61A68008982E5 /* Preview Assets.xcassets */ = {isa = PBXFileReference; lastKnownFileType = folder.assetcatalog; path = "Preview Assets.xcassets"; sourceTree = "<group>"; };
		C3E031862BA625DE008982E5 /* LocationManager.swift */ = {isa = PBXFileReference; lastKnownFileType = sourcecode.swift; path = LocationManager.swift; sourceTree = "<group>"; };
		C3E031892BA63A40008982E5 /* WelcomeView.swift */ = {isa = PBXFileReference; lastKnownFileType = sourcecode.swift; path = WelcomeView.swift; sourceTree = "<group>"; };
		C3E0318B2BA63F59008982E5 /* LoadingView.swift */ = {isa = PBXFileReference; lastKnownFileType = sourcecode.swift; path = LoadingView.swift; sourceTree = "<group>"; };
		C3E0318D2BA64481008982E5 /* WeatherManager.swift */ = {isa = PBXFileReference; lastKnownFileType = sourcecode.swift; path = WeatherManager.swift; sourceTree = "<group>"; };
		C3E031912BA64E04008982E5 /*  ModelData.swift */ = {isa = PBXFileReference; lastKnownFileType = sourcecode.swift; path = " ModelData.swift"; sourceTree = "<group>"; };
		C3E031932BA64E3E008982E5 /* WeatherData.json */ = {isa = PBXFileReference; lastKnownFileType = text.json; path = WeatherData.json; sourceTree = "<group>"; };
		C3E031972BA65084008982E5 /* Extensions.swift */ = {isa = PBXFileReference; lastKnownFileType = sourcecode.swift; path = Extensions.swift; sourceTree = "<group>"; };
		C3E0319A2BA6531E008982E5 /* WeatherView.swift */ = {isa = PBXFileReference; lastKnownFileType = sourcecode.swift; path = WeatherView.swift; sourceTree = "<group>"; };
		C3E0319D2BA6611D008982E5 /* WeatherRow.swift */ = {isa = PBXFileReference; lastKnownFileType = sourcecode.swift; path = WeatherRow.swift; sourceTree = "<group>"; };
/* End PBXFileReference section */

/* Begin PBXFrameworksBuildPhase section */
		C3E031702BA61A65008982E5 /* Frameworks */ = {
			isa = PBXFrameworksBuildPhase;
			buildActionMask = 2147483647;
			files = (
			);
			runOnlyForDeploymentPostprocessing = 0;
		};
/* End PBXFrameworksBuildPhase section */

/* Begin PBXGroup section */
		C3E0316A2BA61A65008982E5 = {
			isa = PBXGroup;
			children = (
				C3E031752BA61A66008982E5 /* WeatherApp */,
				C3E031742BA61A66008982E5 /* Products */,
			);
			sourceTree = "<group>";
		};
		C3E031742BA61A66008982E5 /* Products */ = {
			isa = PBXGroup;
			children = (
				C3E031732BA61A66008982E5 /* WeatherApp.app */,
			);
			name = Products;
			sourceTree = "<group>";
		};
		C3E031752BA61A66008982E5 /* WeatherApp */ = {
			isa = PBXGroup;
			children = (
				C3E0319C2BA660EE008982E5 /* Components */,
				C3E031882BA62B83008982E5 /* Views */,
				C3E031852BA625C4008982E5 /* Managers */,
				C3E031762BA61A66008982E5 /* WeatherAppApp.swift */,
				C3E0317A2BA61A68008982E5 /* Assets.xcassets */,
				C3E0317C2BA61A68008982E5 /* WeatherApp.entitlements */,
				C3E0317D2BA61A68008982E5 /* Preview Content */,
				C3E031972BA65084008982E5 /* Extensions.swift */,
			);
			path = WeatherApp;
			sourceTree = "<group>";
		};
		C3E0317D2BA61A68008982E5 /* Preview Content */ = {
			isa = PBXGroup;
			children = (
				C3E0317E2BA61A68008982E5 /* Preview Assets.xcassets */,
				C3E031912BA64E04008982E5 /*  ModelData.swift */,
				C3E031932BA64E3E008982E5 /* WeatherData.json */,
			);
			path = "Preview Content";
			sourceTree = "<group>";
		};
		C3E031852BA625C4008982E5 /* Managers */ = {
			isa = PBXGroup;
			children = (
				C3E031862BA625DE008982E5 /* LocationManager.swift */,
				C3E0318D2BA64481008982E5 /* WeatherManager.swift */,
			);
			path = Managers;
			sourceTree = "<group>";
		};
		C3E031882BA62B83008982E5 /* Views */ = {
			isa = PBXGroup;
			children = (
				C3E031782BA61A66008982E5 /* ContentView.swift */,
				C3E031892BA63A40008982E5 /* WelcomeView.swift */,
				C3E0318B2BA63F59008982E5 /* LoadingView.swift */,
				C3E0319A2BA6531E008982E5 /* WeatherView.swift */,
			);
			path = Views;
			sourceTree = "<group>";
		};
		C3E0319C2BA660EE008982E5 /* Components */ = {
			isa = PBXGroup;
			children = (
				C3E0319D2BA6611D008982E5 /* WeatherRow.swift */,
			);
			path = Components;
			sourceTree = "<group>";
		};
/* End PBXGroup section */

/* Begin PBXNativeTarget section */
		C3E031722BA61A65008982E5 /* WeatherApp */ = {
			isa = PBXNativeTarget;
			buildConfigurationList = C3E031822BA61A68008982E5 /* Build configuration list for PBXNativeTarget "WeatherApp" */;
			buildPhases = (
				C3E0316F2BA61A65008982E5 /* Sources */,
				C3E031702BA61A65008982E5 /* Frameworks */,
				C3E031712BA61A65008982E5 /* Resources */,
			);
			buildRules = (
			);
			dependencies = (
			);
			name = WeatherApp;
			productName = WeatherApp;
			productReference = C3E031732BA61A66008982E5 /* WeatherApp.app */;
			productType = "com.apple.product-type.application";
		};
/* End PBXNativeTarget section */

/* Begin PBXProject section */
		C3E0316B2BA61A65008982E5 /* Project object */ = {
			isa = PBXProject;
			attributes = {
				BuildIndependentTargetsInParallel = 1;
				LastSwiftUpdateCheck = 1520;
				LastUpgradeCheck = 1520;
				TargetAttributes = {
					C3E031722BA61A65008982E5 = {
						CreatedOnToolsVersion = 15.2;
					};
				};
			};
			buildConfigurationList = C3E0316E2BA61A65008982E5 /* Build configuration list for PBXProject "WeatherApp" */;
			compatibilityVersion = "Xcode 14.0";
			developmentRegion = en;
			hasScannedForEncodings = 0;
			knownRegions = (
				en,
				Base,
			);
			mainGroup = C3E0316A2BA61A65008982E5;
			productRefGroup = C3E031742BA61A66008982E5 /* Products */;
			projectDirPath = "";
			projectRoot = "";
			targets = (
				C3E031722BA61A65008982E5 /* WeatherApp */,
			);
		};
/* End PBXProject section */

/* Begin PBXResourcesBuildPhase section */
		C3E031712BA61A65008982E5 /* Resources */ = {
			isa = PBXResourcesBuildPhase;
			buildActionMask = 2147483647;
			files = (
				C3E031942BA64E3E008982E5 /* WeatherData.json in Resources */,
				C3E0317F2BA61A68008982E5 /* Preview Assets.xcassets in Resources */,
				C3E0317B2BA61A68008982E5 /* Assets.xcassets in Resources */,
			);
			runOnlyForDeploymentPostprocessing = 0;
		};
/* End PBXResourcesBuildPhase section */

/* Begin PBXSourcesBuildPhase section */
		C3E0316F2BA61A65008982E5 /* Sources */ = {
			isa = PBXSourcesBuildPhase;
			buildActionMask = 2147483647;
			files = (
				C3E0318E2BA64481008982E5 /* WeatherManager.swift in Sources */,
				C3E031982BA65084008982E5 /* Extensions.swift in Sources */,
				C3E031792BA61A66008982E5 /* ContentView.swift in Sources */,
				C3E031772BA61A66008982E5 /* WeatherAppApp.swift in Sources */,
				C3E031872BA625DE008982E5 /* LocationManager.swift in Sources */,
				C3E0319E2BA6611D008982E5 /* WeatherRow.swift in Sources */,
				C3E0318C2BA63F59008982E5 /* LoadingView.swift in Sources */,
				C3E0319B2BA6531E008982E5 /* WeatherView.swift in Sources */,
				C3E031922BA64E04008982E5 /*  ModelData.swift in Sources */,
				C3E0318A2BA63A40008982E5 /* WelcomeView.swift in Sources */,
			);
			runOnlyForDeploymentPostprocessing = 0;
		};
/* End PBXSourcesBuildPhase section */

/* Begin XCBuildConfiguration section */
		C3E031802BA61A68008982E5 /* Debug */ = {
			isa = XCBuildConfiguration;
			buildSettings = {
				ALWAYS_SEARCH_USER_PATHS = NO;
				ASSETCATALOG_COMPILER_GENERATE_SWIFT_ASSET_SYMBOL_EXTENSIONS = YES;
				CLANG_ANALYZER_NONNULL = YES;
				CLANG_ANALYZER_NUMBER_OBJECT_CONVERSION = YES_AGGRESSIVE;
				CLANG_CXX_LANGUAGE_STANDARD = "gnu++20";
				CLANG_ENABLE_MODULES = YES;
				CLANG_ENABLE_OBJC_ARC = YES;
				CLANG_ENABLE_OBJC_WEAK = YES;
				CLANG_WARN_BLOCK_CAPTURE_AUTORELEASING = YES;
				CLANG_WARN_BOOL_CONVERSION = YES;
				CLANG_WARN_COMMA = YES;
				CLANG_WARN_CONSTANT_CONVERSION = YES;
				CLANG_WARN_DEPRECATED_OBJC_IMPLEMENTATIONS = YES;
				CLANG_WARN_DIRECT_OBJC_ISA_USAGE = YES_ERROR;
				CLANG_WARN_DOCUMENTATION_COMMENTS = YES;
				CLANG_WARN_EMPTY_BODY = YES;
				CLANG_WARN_ENUM_CONVERSION = YES;
				CLANG_WARN_INFINITE_RECURSION = YES;
				CLANG_WARN_INT_CONVERSION = YES;
				CLANG_WARN_NON_LITERAL_NULL_CONVERSION = YES;
				CLANG_WARN_OBJC_IMPLICIT_RETAIN_SELF = YES;
				CLANG_WARN_OBJC_LITERAL_CONVERSION = YES;
				CLANG_WARN_OBJC_ROOT_CLASS = YES_ERROR;
				CLANG_WARN_QUOTED_INCLUDE_IN_FRAMEWORK_HEADER = YES;
				CLANG_WARN_RANGE_LOOP_ANALYSIS = YES;
				CLANG_WARN_STRICT_PROTOTYPES = YES;
				CLANG_WARN_SUSPICIOUS_MOVE = YES;
				CLANG_WARN_UNGUARDED_AVAILABILITY = YES_AGGRESSIVE;
				CLANG_WARN_UNREACHABLE_CODE = YES;
				CLANG_WARN__DUPLICATE_METHOD_MATCH = YES;
				COPY_PHASE_STRIP = NO;
				DEBUG_INFORMATION_FORMAT = dwarf;
				ENABLE_STRICT_OBJC_MSGSEND = YES;
				ENABLE_TESTABILITY = YES;
				ENABLE_USER_SCRIPT_SANDBOXING = YES;
				GCC_C_LANGUAGE_STANDARD = gnu17;
				GCC_DYNAMIC_NO_PIC = NO;
				GCC_NO_COMMON_BLOCKS = YES;
				GCC_OPTIMIZATION_LEVEL = 0;
				GCC_PREPROCESSOR_DEFINITIONS = (
					"DEBUG=1",
					"$(inherited)",
				);
				GCC_WARN_64_TO_32_BIT_CONVERSION = YES;
				GCC_WARN_ABOUT_RETURN_TYPE = YES_ERROR;
				GCC_WARN_UNDECLARED_SELECTOR = YES;
				GCC_WARN_UNINITIALIZED_AUTOS = YES_AGGRESSIVE;
				GCC_WARN_UNUSED_FUNCTION = YES;
				GCC_WARN_UNUSED_VARIABLE = YES;
				LOCALIZATION_PREFERS_STRING_CATALOGS = YES;
				MTL_ENABLE_DEBUG_INFO = INCLUDE_SOURCE;
				MTL_FAST_MATH = YES;
				ONLY_ACTIVE_ARCH = YES;
				SWIFT_ACTIVE_COMPILATION_CONDITIONS = "DEBUG $(inherited)";
				SWIFT_OPTIMIZATION_LEVEL = "-Onone";
			};
			name = Debug;
		};
		C3E031812BA61A68008982E5 /* Release */ = {
			isa = XCBuildConfiguration;
			buildSettings = {
				ALWAYS_SEARCH_USER_PATHS = NO;
				ASSETCATALOG_COMPILER_GENERATE_SWIFT_ASSET_SYMBOL_EXTENSIONS = YES;
				CLANG_ANALYZER_NONNULL = YES;
				CLANG_ANALYZER_NUMBER_OBJECT_CONVERSION = YES_AGGRESSIVE;
				CLANG_CXX_LANGUAGE_STANDARD = "gnu++20";
				CLANG_ENABLE_MODULES = YES;
				CLANG_ENABLE_OBJC_ARC = YES;
				CLANG_ENABLE_OBJC_WEAK = YES;
				CLANG_WARN_BLOCK_CAPTURE_AUTORELEASING = YES;
				CLANG_WARN_BOOL_CONVERSION = YES;
				CLANG_WARN_COMMA = YES;
				CLANG_WARN_CONSTANT_CONVERSION = YES;
				CLANG_WARN_DEPRECATED_OBJC_IMPLEMENTATIONS = YES;
				CLANG_WARN_DIRECT_OBJC_ISA_USAGE = YES_ERROR;
				CLANG_WARN_DOCUMENTATION_COMMENTS = YES;
				CLANG_WARN_EMPTY_BODY = YES;
				CLANG_WARN_ENUM_CONVERSION = YES;
				CLANG_WARN_INFINITE_RECURSION = YES;
				CLANG_WARN_INT_CONVERSION = YES;
				CLANG_WARN_NON_LITERAL_NULL_CONVERSION = YES;
				CLANG_WARN_OBJC_IMPLICIT_RETAIN_SELF = YES;
				CLANG_WARN_OBJC_LITERAL_CONVERSION = YES;
				CLANG_WARN_OBJC_ROOT_CLASS = YES_ERROR;
				CLANG_WARN_QUOTED_INCLUDE_IN_FRAMEWORK_HEADER = YES;
				CLANG_WARN_RANGE_LOOP_ANALYSIS = YES;
				CLANG_WARN_STRICT_PROTOTYPES = YES;
				CLANG_WARN_SUSPICIOUS_MOVE = YES;
				CLANG_WARN_UNGUARDED_AVAILABILITY = YES_AGGRESSIVE;
				CLANG_WARN_UNREACHABLE_CODE = YES;
				CLANG_WARN__DUPLICATE_METHOD_MATCH = YES;
				COPY_PHASE_STRIP = NO;
				DEBUG_INFORMATION_FORMAT = "dwarf-with-dsym";
				ENABLE_NS_ASSERTIONS = NO;
				ENABLE_STRICT_OBJC_MSGSEND = YES;
				ENABLE_USER_SCRIPT_SANDBOXING = YES;
				GCC_C_LANGUAGE_STANDARD = gnu17;
				GCC_NO_COMMON_BLOCKS = YES;
				GCC_WARN_64_TO_32_BIT_CONVERSION = YES;
				GCC_WARN_ABOUT_RETURN_TYPE = YES_ERROR;
				GCC_WARN_UNDECLARED_SELECTOR = YES;
				GCC_WARN_UNINITIALIZED_AUTOS = YES_AGGRESSIVE;
				GCC_WARN_UNUSED_FUNCTION = YES;
				GCC_WARN_UNUSED_VARIABLE = YES;
				LOCALIZATION_PREFERS_STRING_CATALOGS = YES;
				MTL_ENABLE_DEBUG_INFO = NO;
				MTL_FAST_MATH = YES;
				SWIFT_COMPILATION_MODE = wholemodule;
			};
			name = Release;
		};
		C3E031832BA61A68008982E5 /* Debug */ = {
			isa = XCBuildConfiguration;
			buildSettings = {
				ASSETCATALOG_COMPILER_APPICON_NAME = AppIcon;
				ASSETCATALOG_COMPILER_GLOBAL_ACCENT_COLOR_NAME = AccentColor;
				CODE_SIGN_ENTITLEMENTS = WeatherApp/WeatherApp.entitlements;
				CODE_SIGN_STYLE = Automatic;
				CURRENT_PROJECT_VERSION = 1;
				DEVELOPMENT_ASSET_PATHS = "\"WeatherApp/Preview Content\"";
				DEVELOPMENT_TEAM = LT4G293DL9;
				ENABLE_HARDENED_RUNTIME = YES;
				ENABLE_PREVIEWS = YES;
				GENERATE_INFOPLIST_FILE = YES;
				"INFOPLIST_KEY_UIApplicationSceneManifest_Generation[sdk=iphoneos*]" = YES;
				"INFOPLIST_KEY_UIApplicationSceneManifest_Generation[sdk=iphonesimulator*]" = YES;
				"INFOPLIST_KEY_UIApplicationSupportsIndirectInputEvents[sdk=iphoneos*]" = YES;
				"INFOPLIST_KEY_UIApplicationSupportsIndirectInputEvents[sdk=iphonesimulator*]" = YES;
				"INFOPLIST_KEY_UILaunchScreen_Generation[sdk=iphoneos*]" = YES;
				"INFOPLIST_KEY_UILaunchScreen_Generation[sdk=iphonesimulator*]" = YES;
				"INFOPLIST_KEY_UIStatusBarStyle[sdk=iphoneos*]" = UIStatusBarStyleDefault;
				"INFOPLIST_KEY_UIStatusBarStyle[sdk=iphonesimulator*]" = UIStatusBarStyleDefault;
				INFOPLIST_KEY_UISupportedInterfaceOrientations_iPad = "UIInterfaceOrientationPortrait UIInterfaceOrientationPortraitUpsideDown UIInterfaceOrientationLandscapeLeft UIInterfaceOrientationLandscapeRight";
				INFOPLIST_KEY_UISupportedInterfaceOrientations_iPhone = "UIInterfaceOrientationPortrait UIInterfaceOrientationLandscapeLeft UIInterfaceOrientationLandscapeRight";
				IPHONEOS_DEPLOYMENT_TARGET = 17.0;
				LD_RUNPATH_SEARCH_PATHS = "@executable_path/Frameworks";
				"LD_RUNPATH_SEARCH_PATHS[sdk=macosx*]" = "@executable_path/../Frameworks";
				MACOSX_DEPLOYMENT_TARGET = 14.0;
				MARKETING_VERSION = 1.0;
				PRODUCT_BUNDLE_IDENTIFIER = io.github.p1llai.WeatherApp;
				PRODUCT_NAME = "$(TARGET_NAME)";
				SDKROOT = auto;
				SUPPORTED_PLATFORMS = "iphoneos iphonesimulator macosx";
				SWIFT_EMIT_LOC_STRINGS = YES;
				SWIFT_VERSION = 5.0;
				TARGETED_DEVICE_FAMILY = "1,2";
			};
			name = Debug;
		};
		C3E031842BA61A68008982E5 /* Release */ = {
			isa = XCBuildConfiguration;
			buildSettings = {
				ASSETCATALOG_COMPILER_APPICON_NAME = AppIcon;
				ASSETCATALOG_COMPILER_GLOBAL_ACCENT_COLOR_NAME = AccentColor;
				CODE_SIGN_ENTITLEMENTS = WeatherApp/WeatherApp.entitlements;
				CODE_SIGN_STYLE = Automatic;
				CURRENT_PROJECT_VERSION = 1;
				DEVELOPMENT_ASSET_PATHS = "\"WeatherApp/Preview Content\"";
				DEVELOPMENT_TEAM = LT4G293DL9;
				ENABLE_HARDENED_RUNTIME = YES;
				ENABLE_PREVIEWS = YES;
				GENERATE_INFOPLIST_FILE = YES;
				"INFOPLIST_KEY_UIApplicationSceneManifest_Generation[sdk=iphoneos*]" = YES;
				"INFOPLIST_KEY_UIApplicationSceneManifest_Generation[sdk=iphonesimulator*]" = YES;
				"INFOPLIST_KEY_UIApplicationSupportsIndirectInputEvents[sdk=iphoneos*]" = YES;
				"INFOPLIST_KEY_UIApplicationSupportsIndirectInputEvents[sdk=iphonesimulator*]" = YES;
				"INFOPLIST_KEY_UILaunchScreen_Generation[sdk=iphoneos*]" = YES;
				"INFOPLIST_KEY_UILaunchScreen_Generation[sdk=iphonesimulator*]" = YES;
				"INFOPLIST_KEY_UIStatusBarStyle[sdk=iphoneos*]" = UIStatusBarStyleDefault;
				"INFOPLIST_KEY_UIStatusBarStyle[sdk=iphonesimulator*]" = UIStatusBarStyleDefault;
				INFOPLIST_KEY_UISupportedInterfaceOrientations_iPad = "UIInterfaceOrientationPortrait UIInterfaceOrientationPortraitUpsideDown UIInterfaceOrientationLandscapeLeft UIInterfaceOrientationLandscapeRight";
				INFOPLIST_KEY_UISupportedInterfaceOrientations_iPhone = "UIInterfaceOrientationPortrait UIInterfaceOrientationLandscapeLeft UIInterfaceOrientationLandscapeRight";
				IPHONEOS_DEPLOYMENT_TARGET = 17.0;
				LD_RUNPATH_SEARCH_PATHS = "@executable_path/Frameworks";
				"LD_RUNPATH_SEARCH_PATHS[sdk=macosx*]" = "@executable_path/../Frameworks";
				MACOSX_DEPLOYMENT_TARGET = 14.0;
				MARKETING_VERSION = 1.0;
				PRODUCT_BUNDLE_IDENTIFIER = io.github.p1llai.WeatherApp;
				PRODUCT_NAME = "$(TARGET_NAME)";
				SDKROOT = auto;
				SUPPORTED_PLATFORMS = "iphoneos iphonesimulator macosx";
				SWIFT_EMIT_LOC_STRINGS = YES;
				SWIFT_VERSION = 5.0;
				TARGETED_DEVICE_FAMILY = "1,2";
			};
			name = Release;
		};
/* End XCBuildConfiguration section */

/* Begin XCConfigurationList section */
		C3E0316E2BA61A65008982E5 /* Build configuration list for PBXProject "WeatherApp" */ = {
			isa = XCConfigurationList;
			buildConfigurations = (
				C3E031802BA61A68008982E5 /* Debug */,
				C3E031812BA61A68008982E5 /* Release */,
			);
			defaultConfigurationIsVisible = 0;
			defaultConfigurationName = Release;
		};
		C3E031822BA61A68008982E5 /* Build configuration list for PBXNativeTarget "WeatherApp" */ = {
			isa = XCConfigurationList;
			buildConfigurations = (
				C3E031832BA61A68008982E5 /* Debug */,
				C3E031842BA61A68008982E5 /* Release */,
			);
			defaultConfigurationIsVisible = 0;
			defaultConfigurationName = Release;
		};
/* End XCConfigurationList section */
	};
	rootObject = C3E0316B2BA61A65008982E5 /* Project object */;
}
